
Microsoft Visual Studio Solution File, Format Version 12.00
# Visual Studio 2012
Project("{888888A0-9F3D-457C-B088-3A5042F75D52}") = "SGD_py", "SGD_py.pyproj", "{82875642-D6FA-4F5C-81E6-B89A93C1F5FF}"
EndProject
Global
	GlobalSection(SolutionConfigurationPlatforms) = preSolution
		Debug|Any CPU = Debug|Any CPU
		Release|Any CPU = Release|Any CPU
	EndGlobalSection
	GlobalSection(ProjectConfigurationPlatforms) = postSolution
		{82875642-D6FA-4F5C-81E6-B89A93C1F5FF}.Debug|Any CPU.ActiveCfg = Debug|Any CPU
		{82875642-D6FA-4F5C-81E6-B89A93C1F5FF}.Release|Any CPU.ActiveCfg = Release|Any CPU
	EndGlobalSection
	GlobalSection(SolutionProperties) = preSolution
		HideSolutionNode = FALSE
	EndGlobalSection
EndGlobal
